{
  "name": "protanki-spawns",
  "version": "1.0.0",
  "lockfileVersion": 3,
  "requires": true,
  "packages": {
    "": {
      "name": "protanki-spawns",
      "version": "1.0.0",
      "license": "ISC",
      "dependencies": {
        "protanki-protocol": "github:DaniloPalmeira/protanki-protocol"
      }
    },
    "node_modules/protanki-protocol": {
      "version": "0.1.0",
      "resolved": "git+ssh://git@github.com/DaniloPalmeira/protanki-protocol.git#ef4bf3291a751b4b1221941ba1eb4e779cee6e80",
      "license": "MIT"
    }
  }
}
